
Microsoft Visual Studio Solution File, Format Version 12.00
# Visual Studio Version 16
VisualStudioVersion = 16.0.30711.63
MinimumVisualStudioVersion = 10.0.40219.1
Project("{FAE04EC0-301F-11D3-BF4B-00C04F79EFBC}") = "AlgorithmFridays", "AlgorithmFridays\AlgorithmFridays.csproj", "{CD337731-8709-4EAA-A0B4-7571B316792B}"
EndProject
Global
	GlobalSection(SolutionConfigurationPlatforms) = preSolution
		Debug|Any CPU = Debug|Any CPU
		Release|Any CPU = Release|Any CPU
	EndGlobalSection
	GlobalSection(ProjectConfigurationPlatforms) = postSolution
		{CD337731-8709-4EAA-A0B4-7571B316792B}.Debug|Any CPU.ActiveCfg = Debug|Any CPU
		{CD337731-8709-4EAA-A0B4-7571B316792B}.Debug|Any CPU.Build.0 = Debug|Any CPU
		{CD337731-8709-4EAA-A0B4-7571B316792B}.Release|Any CPU.ActiveCfg = Release|Any CPU
		{CD337731-8709-4EAA-A0B4-7571B316792B}.Release|Any CPU.Build.0 = Release|Any CPU
	EndGlobalSection
	GlobalSection(SolutionProperties) = preSolution
		HideSolutionNode = FALSE
	EndGlobalSection
	GlobalSection(ExtensibilityGlobals) = postSolution
		SolutionGuid = {4C8C5ED0-A3A0-49F8-9FE5-CA65CB0A5725}
	EndGlobalSection
EndGlobal
